
Microsoft Visual Studio Solution File, Format Version 12.00
# Visual Studio Version 17
VisualStudioVersion = 17.3.32929.385
MinimumVisualStudioVersion = 10.0.40219.1
Project("{9A19103F-16F7-4668-BE54-9A1E7A4F7556}") = "DataStructures", "DataStructures\DataStructures.csproj", "{16758C6F-F547-4236-8689-61650FA10B9F}"
EndProject
Project("{2150E333-8FDC-42A3-9474-1A3956D46DE8}") = "Solution Items", "Solution Items", "{36E834EB-C8BF-4C1E-95A7-8EC89FD82B09}"
	ProjectSection(SolutionItems) = preProject
		.editorconfig = .editorconfig
	EndProjectSection
EndProject
Global
	GlobalSection(SolutionConfigurationPlatforms) = preSolution
		Debug|Any CPU = Debug|Any CPU
		Release|Any CPU = Release|Any CPU
	EndGlobalSection
	GlobalSection(ProjectConfigurationPlatforms) = postSolution
		{16758C6F-F547-4236-8689-61650FA10B9F}.Debug|Any CPU.ActiveCfg = Debug|Any CPU
		{16758C6F-F547-4236-8689-61650FA10B9F}.Debug|Any CPU.Build.0 = Debug|Any CPU
		{16758C6F-F547-4236-8689-61650FA10B9F}.Release|Any CPU.ActiveCfg = Release|Any CPU
		{16758C6F-F547-4236-8689-61650FA10B9F}.Release|Any CPU.Build.0 = Release|Any CPU
	EndGlobalSection
	GlobalSection(SolutionProperties) = preSolution
		HideSolutionNode = FALSE
	EndGlobalSection
	GlobalSection(ExtensibilityGlobals) = postSolution
		SolutionGuid = {45594921-904B-4A02-8E36-7AD9A0D3EB45}
	EndGlobalSection
EndGlobal
